
Microsoft Visual Studio Solution File, Format Version 12.00
# Visual Studio Version 17
VisualStudioVersion = 17.6.33723.286
MinimumVisualStudioVersion = 10.0.40219.1
Project("{FAE04EC0-301F-11D3-BF4B-00C04F79EFBC}") = "Area", "Area\Area.csproj", "{9D95FA85-03E0-4F2E-B2CB-2080C75D5D1F}"
EndProject
Global
	GlobalSection(SolutionConfigurationPlatforms) = preSolution
		Debug|Any CPU = Debug|Any CPU
		Release|Any CPU = Release|Any CPU
	EndGlobalSection
	GlobalSection(ProjectConfigurationPlatforms) = postSolution
		{9D95FA85-03E0-4F2E-B2CB-2080C75D5D1F}.Debug|Any CPU.ActiveCfg = Debug|Any CPU
		{9D95FA85-03E0-4F2E-B2CB-2080C75D5D1F}.Debug|Any CPU.Build.0 = Debug|Any CPU
		{9D95FA85-03E0-4F2E-B2CB-2080C75D5D1F}.Release|Any CPU.ActiveCfg = Release|Any CPU
		{9D95FA85-03E0-4F2E-B2CB-2080C75D5D1F}.Release|Any CPU.Build.0 = Release|Any CPU
	EndGlobalSection
	GlobalSection(SolutionProperties) = preSolution
		HideSolutionNode = FALSE
	EndGlobalSection
	GlobalSection(ExtensibilityGlobals) = postSolution
		SolutionGuid = {79FC1B50-9B39-4268-B32A-1D63DFB078CD}
	EndGlobalSection
EndGlobal
